<?xml version="1.0" encoding="utf-8"?>
<Project ToolsVersion="4.0" xmlns="http://schemas.microsoft.com/developer/msbuild/2003">
  <ItemGroup>
    <ClCompile Include="Tutorial11.cpp" />
    <ClCompile Include="..\..\nclgl\light.cpp">
      <Filter>Source</Filter>
    </ClCompile>
    <ClCompile Include="renderer.cpp">
      <Filter>Source</Filter>
    </ClCompile>
  </ItemGroup>
  <ItemGroup>
    <Filter Include="Header">
      <UniqueIdentifier>{bad5bae2-7a53-49d7-990a-649d3ba79b6a}</UniqueIdentifier>
    </Filter>
    <Filter Include="Source">
      <UniqueIdentifier>{b14ec9d5-df1f-4989-b96f-b0b0b142d1fc}</UniqueIdentifier>
    </Filter>
  </ItemGroup>
  <ItemGroup>
    <ClInclude Include="..\..\nclgl\light.h">
      <Filter>Header</Filter>
    </ClInclude>
    <ClInclude Include="renderer.h">
      <Filter>Header</Filter>
    </ClInclude>
  </ItemGroup>
</Project>