<?xml version="1.0" encoding="utf-8"?>
<Project ToolsVersion="4.0" xmlns="http://schemas.microsoft.com/developer/msbuild/2003">
  <ItemGroup>
    <ClCompile Include="tutorial8.cpp" />
    <ClCompile Include="..\..\nclgl\mesh.cpp">
      <Filter>Source</Filter>
    </ClCompile>
    <ClCompile Include="renderer.cpp">
      <Filter>Source</Filter>
    </ClCompile>
  </ItemGroup>
  <ItemGroup>
    <Filter Include="Header">
      <UniqueIdentifier>{3551d80e-3487-427f-a3a7-1a0b1d8c58c1}</UniqueIdentifier>
    </Filter>
    <Filter Include="Source">
      <UniqueIdentifier>{27f26682-a713-4bf0-b2c9-bf6c6fd3d246}</UniqueIdentifier>
    </Filter>
  </ItemGroup>
  <ItemGroup>
    <ClInclude Include="..\..\nclgl\mesh.h">
      <Filter>Header</Filter>
    </ClInclude>
    <ClInclude Include="renderer.h">
      <Filter>Header</Filter>
    </ClInclude>
  </ItemGroup>
</Project>